{
  "name": "nomulus",
  "version": "1.0.0",
  "lockfileVersion": 1,
  "requires": true,
  "dependencies": {
    "google-closure-library": {
      "version": "20190325.0.0",
      "resolved": "https://registry.npmjs.org/google-closure-library/-/google-closure-library-20190325.0.0.tgz",
      "integrity": "sha512-B+Cdh2c3BbvSIONufK3yU/yKwhm7vxaqrAvxIBo3JmUAhA3WQPRSculbJPKC4ca7b/pjlsIR76KDpVqVrJd4dg=="
    }
  }
}
