# This is a Gradle generated file for dependency locking.
# Manual edits can break the build and are not advised.
# This file is expected to be part of source control.
com.fasterxml.jackson.core:jackson-annotations:2.10.3
com.github.ben-manes.caffeine:caffeine:2.9.3
com.github.docker-java:docker-java-api:3.2.13
com.github.docker-java:docker-java-transport-zerodep:3.2.13
com.github.docker-java:docker-java-transport:3.2.13
com.google.android:annotations:4.1.1.4
com.google.api-client:google-api-client:1.35.2
com.google.api.grpc:proto-google-cloud-tasks-v2:2.3.0
com.google.api.grpc:proto-google-cloud-tasks-v2beta2:0.93.0
com.google.api.grpc:proto-google-cloud-tasks-v2beta3:0.93.0
com.google.api.grpc:proto-google-common-protos:2.9.0
com.google.api.grpc:proto-google-iam-v1:1.4.1
com.google.api:api-common:2.2.1
com.google.api:gax-grpc:2.18.2
com.google.api:gax-httpjson:0.103.2
com.google.api:gax:2.18.2
com.google.appengine:appengine-api-1.0-sdk:2.0.5
com.google.appengine:appengine-api-stubs:2.0.5
com.google.appengine:appengine-testing:1.9.86
com.google.auth:google-auth-library-credentials:1.7.0
com.google.auth:google-auth-library-oauth2-http:1.7.0
com.google.auto.value:auto-value-annotations:1.9
com.google.auto.value:auto-value:1.9
com.google.cloud:google-cloud-tasks:2.3.0
com.google.code.findbugs:jsr305:3.0.2
com.google.code.gson:gson:2.9.0
com.google.dagger:dagger:2.42
com.google.errorprone:error_prone_annotations:2.14.0
com.google.flogger:flogger-system-backend:0.7.4
com.google.flogger:flogger:0.7.4
com.google.guava:failureaccess:1.0.1
com.google.guava:guava-testlib:31.1-jre
com.google.guava:guava:31.1-jre
com.google.guava:listenablefuture:9999.0-empty-to-avoid-conflict-with-guava
com.google.http-client:google-http-client-apache-v2:1.42.0
com.google.http-client:google-http-client-gson:1.42.0
com.google.http-client:google-http-client:1.42.0
com.google.j2objc:j2objc-annotations:1.3
com.google.oauth-client:google-oauth-client:1.34.1
com.google.protobuf:protobuf-java-util:3.21.1
com.google.protobuf:protobuf-java:3.21.1
com.google.re2j:re2j:1.7
com.google.truth:truth:1.1.3
com.ibm.icu:icu4j:71.1
commons-codec:commons-codec:1.15
commons-logging:commons-logging:1.2
io.grpc:grpc-alts:1.47.0
io.grpc:grpc-api:1.47.0
io.grpc:grpc-auth:1.47.0
io.grpc:grpc-context:1.47.0
io.grpc:grpc-core:1.47.0
io.grpc:grpc-googleapis:1.47.0
io.grpc:grpc-grpclb:1.47.0
io.grpc:grpc-netty-shaded:1.47.0
io.grpc:grpc-protobuf-lite:1.47.0
io.grpc:grpc-protobuf:1.47.0
io.grpc:grpc-services:1.47.0
io.grpc:grpc-stub:1.47.0
io.grpc:grpc-xds:1.47.0
io.opencensus:opencensus-api:0.31.1
io.opencensus:opencensus-contrib-http-util:0.31.1
io.opencensus:opencensus-proto:0.2.0
io.perfmark:perfmark-api:0.25.0
javax.activation:activation:1.1
javax.activation:javax.activation-api:1.2.0
javax.annotation:javax.annotation-api:1.3.2
javax.inject:javax.inject:1
javax.mail:mail:1.5.0-b01
javax.xml.bind:jaxb-api:2.4.0-b180830.0359
joda-time:joda-time:2.10.14
junit:junit:4.13.2
net.bytebuddy:byte-buddy-agent:1.12.10
net.bytebuddy:byte-buddy:1.12.10
net.java.dev.jna:jna:5.8.0
org.apache.commons:commons-compress:1.21
org.apache.httpcomponents:httpclient:4.5.13
org.apache.httpcomponents:httpcore:4.4.15
org.bouncycastle:bcpkix-jdk15on:1.67
org.bouncycastle:bcprov-jdk15on:1.67
org.checkerframework:checker-compat-qual:2.5.5
org.checkerframework:checker-qual:3.22.2
org.codehaus.mojo:animal-sniffer-annotations:1.21
org.conscrypt:conscrypt-openjdk-uber:2.5.1
org.hamcrest:hamcrest-core:2.2
org.hamcrest:hamcrest:2.2
org.jetbrains:annotations:17.0.0
org.junit.jupiter:junit-jupiter-api:5.9.0-RC1
org.junit.jupiter:junit-jupiter-engine:5.9.0-RC1
org.junit.platform:junit-platform-commons:1.9.0-RC1
org.junit.platform:junit-platform-engine:1.9.0-RC1
org.junit.platform:junit-platform-launcher:1.9.0-RC1
org.junit.platform:junit-platform-runner:1.9.0-RC1
org.junit.platform:junit-platform-suite-api:1.9.0-RC1
org.junit.platform:junit-platform-suite-commons:1.9.0-RC1
org.junit:junit-bom:5.9.0-RC1
org.mockito:mockito-core:4.6.1
org.mockito:mockito-junit-jupiter:4.6.1
org.objenesis:objenesis:3.2
org.opentest4j:opentest4j:1.2.0
org.ow2.asm:asm:9.1
org.rnorth.duct-tape:duct-tape:1.0.8
org.slf4j:slf4j-api:1.7.36
org.testcontainers:junit-jupiter:1.17.3
org.testcontainers:testcontainers:1.17.3
org.threeten:threetenbp:1.6.0
org.yaml:snakeyaml:1.30
