# This is a Gradle generated file for dependency locking.
# Manual edits can break the build and are not advised.
# This file is expected to be part of source control.
aopalliance:aopalliance:1.0=annotationProcessor,errorprone,testAnnotationProcessor
com.github.ben-manes.caffeine:caffeine:3.0.5=annotationProcessor,errorprone,testAnnotationProcessor
com.github.kevinstern:software-and-algorithms:1.0=annotationProcessor,errorprone,testAnnotationProcessor
com.google.auto.service:auto-service-annotations:1.0.1=annotationProcessor,errorprone,testAnnotationProcessor
com.google.auto.value:auto-value-annotations:1.9=annotationProcessor,errorprone,testAnnotationProcessor
com.google.auto:auto-common:1.2.1=annotationProcessor,errorprone,testAnnotationProcessor
com.google.code.findbugs:jsr305:3.0.2=annotationProcessor,checkstyle,errorprone,testAnnotationProcessor
com.google.errorprone:error_prone_annotation:2.23.0=annotationProcessor,errorprone,testAnnotationProcessor
com.google.errorprone:error_prone_annotations:2.23.0=annotationProcessor,errorprone,testAnnotationProcessor
com.google.errorprone:error_prone_annotations:2.7.1=checkstyle
com.google.errorprone:error_prone_check_api:2.23.0=annotationProcessor,errorprone,testAnnotationProcessor
com.google.errorprone:error_prone_core:2.23.0=annotationProcessor,errorprone,testAnnotationProcessor
com.google.errorprone:error_prone_type_annotations:2.23.0=annotationProcessor,errorprone,testAnnotationProcessor
com.google.errorprone:javac:9+181-r4173-1=errorproneJavac
com.google.guava:failureaccess:1.0.1=annotationProcessor,checkstyle,errorprone,testAnnotationProcessor
com.google.guava:guava-parent:32.1.1-jre=annotationProcessor,errorprone,testAnnotationProcessor
com.google.guava:guava:31.0.1-jre=checkstyle
com.google.guava:guava:32.1.1-jre=annotationProcessor,errorprone,testAnnotationProcessor
com.google.guava:listenablefuture:9999.0-empty-to-avoid-conflict-with-guava=checkstyle
com.google.inject:guice:5.1.0=annotationProcessor,errorprone,testAnnotationProcessor
com.google.j2objc:j2objc-annotations:1.3=checkstyle
com.google.protobuf:protobuf-java:3.19.6=annotationProcessor,errorprone,testAnnotationProcessor
com.puppycrawl.tools:checkstyle:9.3=checkstyle
commons-beanutils:commons-beanutils:1.9.4=checkstyle
commons-collections:commons-collections:3.2.2=checkstyle
info.picocli:picocli:4.6.2=checkstyle
io.github.eisop:dataflow-errorprone:3.34.0-eisop1=annotationProcessor,errorprone,testAnnotationProcessor
io.github.java-diff-utils:java-diff-utils:4.12=annotationProcessor,errorprone,testAnnotationProcessor
javax.inject:javax.inject:1=annotationProcessor,errorprone,testAnnotationProcessor
net.sf.saxon:Saxon-HE:10.6=checkstyle
org.antlr:antlr4-runtime:4.9.3=checkstyle
org.checkerframework:checker-qual:3.12.0=checkstyle
org.checkerframework:checker-qual:3.33.0=annotationProcessor,errorprone,testAnnotationProcessor
org.jacoco:org.jacoco.agent:0.8.9=jacocoAgent,jacocoAnt
org.jacoco:org.jacoco.ant:0.8.9=jacocoAnt
org.jacoco:org.jacoco.core:0.8.9=jacocoAnt
org.jacoco:org.jacoco.report:0.8.9=jacocoAnt
org.javassist:javassist:3.28.0-GA=checkstyle
org.ow2.asm:asm-commons:9.5=jacocoAnt
org.ow2.asm:asm-tree:9.5=jacocoAnt
org.ow2.asm:asm:9.5=jacocoAnt
org.pcollections:pcollections:3.1.4=annotationProcessor,errorprone,testAnnotationProcessor
org.reflections:reflections:0.10.2=checkstyle
empty=compileClasspath,deploy_jar,runtimeClasspath,testCompileClasspath,testRuntimeClasspath
