# This is a Gradle generated file for dependency locking.
# Manual edits can break the build and are not advised.
# This file is expected to be part of source control.
antlr:antlr:2.7.7=checkstyle
com.fasterxml.jackson.core:jackson-annotations:2.14.0=compileClasspath,default,deploy_jar,runtimeClasspath,testCompileClasspath,testRuntimeClasspath
com.fasterxml.jackson.core:jackson-core:2.14.0=compileClasspath,default,deploy_jar,runtimeClasspath,testCompileClasspath,testRuntimeClasspath
com.fasterxml.jackson.core:jackson-databind:2.14.0=compileClasspath,default,deploy_jar,runtimeClasspath,testCompileClasspath,testRuntimeClasspath
com.fasterxml.jackson.dataformat:jackson-dataformat-toml:2.14.0=compileClasspath,default,deploy_jar,runtimeClasspath,testCompileClasspath,testRuntimeClasspath
com.fasterxml.jackson:jackson-bom:2.14.0=compileClasspath,default,deploy_jar,runtimeClasspath,testCompileClasspath,testRuntimeClasspath
com.github.ben-manes.caffeine:caffeine:2.7.0=annotationProcessor,errorprone,testAnnotationProcessor
com.github.ben-manes.caffeine:caffeine:2.9.3=testCompileClasspath,testRuntimeClasspath
com.github.docker-java:docker-java-api:3.2.13=testCompileClasspath,testRuntimeClasspath
com.github.docker-java:docker-java-transport-zerodep:3.2.13=testCompileClasspath,testRuntimeClasspath
com.github.docker-java:docker-java-transport:3.2.13=testCompileClasspath,testRuntimeClasspath
com.github.jnr:jffi:1.3.9=default,deploy_jar,runtimeClasspath,testRuntimeClasspath
com.github.jnr:jnr-a64asm:1.0.0=default,deploy_jar,runtimeClasspath,testRuntimeClasspath
com.github.jnr:jnr-constants:0.10.3=default,deploy_jar,runtimeClasspath,testRuntimeClasspath
com.github.jnr:jnr-enxio:0.32.13=default,deploy_jar,runtimeClasspath,testRuntimeClasspath
com.github.jnr:jnr-ffi:2.2.11=default,deploy_jar,runtimeClasspath,testRuntimeClasspath
com.github.jnr:jnr-posix:3.1.15=default,deploy_jar,runtimeClasspath,testRuntimeClasspath
com.github.jnr:jnr-unixsocket:0.38.17=default,deploy_jar,runtimeClasspath,testRuntimeClasspath
com.github.jnr:jnr-x86asm:1.0.2=default,deploy_jar,runtimeClasspath,testRuntimeClasspath
com.github.kevinstern:software-and-algorithms:1.0=annotationProcessor,errorprone,testAnnotationProcessor
com.google.api-client:google-api-client:2.0.0=default,deploy_jar,runtimeClasspath,testRuntimeClasspath
com.google.api:gax:2.19.4=default,deploy_jar,runtimeClasspath,testRuntimeClasspath
com.google.apis:google-api-services-sqladmin:v1beta4-rev20221017-2.0.0=default,deploy_jar,runtimeClasspath,testRuntimeClasspath
com.google.auth:google-auth-library-credentials:1.12.1=default,deploy_jar,runtimeClasspath,testRuntimeClasspath
com.google.auth:google-auth-library-oauth2-http:1.12.1=default,deploy_jar,runtimeClasspath,testRuntimeClasspath
com.google.auto.value:auto-value-annotations:1.10=default,deploy_jar,runtimeClasspath,testRuntimeClasspath
com.google.auto.value:auto-value-annotations:1.8.1=testCompileClasspath
com.google.auto:auto-common:0.10=annotationProcessor,errorprone,testAnnotationProcessor
com.google.cloud.sql:jdbc-socket-factory-core:1.7.2=default,deploy_jar,runtimeClasspath,testRuntimeClasspath
com.google.cloud.sql:postgres-socket-factory:1.7.2=default,deploy_jar,runtimeClasspath,testRuntimeClasspath
com.google.code.findbugs:jFormatString:3.0.0=annotationProcessor,errorprone,testAnnotationProcessor
com.google.code.findbugs:jsr305:3.0.2=annotationProcessor,checkstyle,default,deploy_jar,errorprone,runtimeClasspath,testAnnotationProcessor,testCompileClasspath,testRuntimeClasspath
com.google.code.gson:gson:2.10=default,deploy_jar,runtimeClasspath,testRuntimeClasspath
com.google.errorprone:error_prone_annotation:2.3.4=annotationProcessor,errorprone,testAnnotationProcessor
com.google.errorprone:error_prone_annotations:2.11.0=testCompileClasspath
com.google.errorprone:error_prone_annotations:2.16=default,deploy_jar,runtimeClasspath,testRuntimeClasspath
com.google.errorprone:error_prone_annotations:2.3.4=annotationProcessor,checkstyle,errorprone,testAnnotationProcessor
com.google.errorprone:error_prone_check_api:2.3.4=annotationProcessor,errorprone,testAnnotationProcessor
com.google.errorprone:error_prone_core:2.3.4=annotationProcessor,errorprone,testAnnotationProcessor
com.google.errorprone:error_prone_type_annotations:2.3.4=annotationProcessor,errorprone,testAnnotationProcessor
com.google.flogger:flogger-system-backend:0.7.4=testRuntimeClasspath
com.google.flogger:flogger:0.7.4=testCompileClasspath,testRuntimeClasspath
com.google.guava:failureaccess:1.0.1=annotationProcessor,checkstyle,default,deploy_jar,errorprone,runtimeClasspath,testAnnotationProcessor,testCompileClasspath,testRuntimeClasspath
com.google.guava:guava:27.0.1-jre=annotationProcessor,errorprone,testAnnotationProcessor
com.google.guava:guava:29.0-jre=checkstyle
com.google.guava:guava:31.1-jre=default,deploy_jar,runtimeClasspath,testCompileClasspath,testRuntimeClasspath
com.google.guava:listenablefuture:9999.0-empty-to-avoid-conflict-with-guava=annotationProcessor,checkstyle,default,deploy_jar,errorprone,runtimeClasspath,testAnnotationProcessor,testCompileClasspath,testRuntimeClasspath
com.google.http-client:google-http-client-apache-v2:1.42.1=default,deploy_jar,runtimeClasspath,testRuntimeClasspath
com.google.http-client:google-http-client-gson:1.42.3=default,deploy_jar,runtimeClasspath,testRuntimeClasspath
com.google.http-client:google-http-client:1.42.3=default,deploy_jar,runtimeClasspath,testRuntimeClasspath
com.google.j2objc:j2objc-annotations:1.1=annotationProcessor,errorprone,testAnnotationProcessor
com.google.j2objc:j2objc-annotations:1.3=checkstyle,default,deploy_jar,runtimeClasspath,testCompileClasspath,testRuntimeClasspath
com.google.oauth-client:google-oauth-client:1.34.1=default,deploy_jar,runtimeClasspath,testRuntimeClasspath
com.google.protobuf:protobuf-java:3.4.0=annotationProcessor,errorprone,testAnnotationProcessor
com.google.truth:truth:1.1.3=testCompileClasspath,testRuntimeClasspath
com.googlecode.java-diff-utils:diffutils:1.3.0=annotationProcessor,errorprone,testAnnotationProcessor
com.puppycrawl.tools:checkstyle:8.37=checkstyle
commons-beanutils:commons-beanutils:1.9.4=checkstyle
commons-codec:commons-codec:1.11=default,deploy_jar,runtimeClasspath,testRuntimeClasspath
commons-collections:commons-collections:3.2.2=checkstyle
commons-logging:commons-logging:1.2=default,deploy_jar,runtimeClasspath,testRuntimeClasspath
info.picocli:picocli:4.5.2=checkstyle
io.github.java-diff-utils:java-diff-utils:4.12=testCompileClasspath,testRuntimeClasspath
io.grpc:grpc-context:1.27.2=default,deploy_jar,runtimeClasspath,testRuntimeClasspath
io.opencensus:opencensus-api:0.31.1=default,deploy_jar,runtimeClasspath,testRuntimeClasspath
io.opencensus:opencensus-contrib-http-util:0.31.1=default,deploy_jar,runtimeClasspath,testRuntimeClasspath
javax.inject:javax.inject:1=testCompileClasspath,testRuntimeClasspath
joda-time:joda-time:2.12.2=testCompileClasspath,testRuntimeClasspath
junit:junit:4.13.2=testCompileClasspath,testRuntimeClasspath
net.java.dev.jna:jna:5.8.0=testCompileClasspath,testRuntimeClasspath
net.sf.saxon:Saxon-HE:10.3=checkstyle
org.antlr:antlr4-runtime:4.8-1=checkstyle
org.apache.commons:commons-compress:1.22=testCompileClasspath,testRuntimeClasspath
org.apache.httpcomponents:httpclient:4.5.13=default,deploy_jar,runtimeClasspath,testRuntimeClasspath
org.apache.httpcomponents:httpcore:4.4.15=default,deploy_jar,runtimeClasspath,testRuntimeClasspath
org.apiguardian:apiguardian-api:1.1.2=testCompileClasspath
org.checkerframework:checker-compat-qual:2.5.3=testCompileClasspath
org.checkerframework:checker-compat-qual:2.5.5=default,deploy_jar,runtimeClasspath,testRuntimeClasspath
org.checkerframework:checker-qual:2.11.1=checkstyle
org.checkerframework:checker-qual:3.0.0=annotationProcessor,errorprone,testAnnotationProcessor
org.checkerframework:checker-qual:3.12.0=default,deploy_jar,runtimeClasspath
org.checkerframework:checker-qual:3.19.0=testCompileClasspath,testRuntimeClasspath
org.checkerframework:dataflow:3.0.0=annotationProcessor,errorprone,testAnnotationProcessor
org.checkerframework:javacutil:3.0.0=annotationProcessor,errorprone,testAnnotationProcessor
org.codehaus.mojo:animal-sniffer-annotations:1.17=annotationProcessor,errorprone,testAnnotationProcessor
org.flywaydb:flyway-core:9.10.0=compileClasspath,default,deploy_jar,runtimeClasspath,testCompileClasspath,testRuntimeClasspath
org.hamcrest:hamcrest-core:1.3=testCompileClasspath,testRuntimeClasspath
org.jacoco:org.jacoco.agent:0.8.6=jacocoAgent,jacocoAnt
org.jacoco:org.jacoco.ant:0.8.6=jacocoAnt
org.jacoco:org.jacoco.core:0.8.6=jacocoAnt
org.jacoco:org.jacoco.report:0.8.6=jacocoAnt
org.javassist:javassist:3.26.0-GA=checkstyle
org.jetbrains:annotations:17.0.0=testCompileClasspath,testRuntimeClasspath
org.junit.jupiter:junit-jupiter-api:5.9.1=testCompileClasspath,testRuntimeClasspath
org.junit.jupiter:junit-jupiter-engine:5.9.1=testCompileClasspath,testRuntimeClasspath
org.junit.platform:junit-platform-commons:1.9.1=testCompileClasspath,testRuntimeClasspath
org.junit.platform:junit-platform-engine:1.9.1=testCompileClasspath,testRuntimeClasspath
org.junit:junit-bom:5.9.1=testCompileClasspath,testRuntimeClasspath
org.opentest4j:opentest4j:1.2.0=testCompileClasspath,testRuntimeClasspath
org.ow2.asm:asm-analysis:8.0.1=jacocoAnt
org.ow2.asm:asm-analysis:9.4=default,deploy_jar,runtimeClasspath,testRuntimeClasspath
org.ow2.asm:asm-commons:8.0.1=jacocoAnt
org.ow2.asm:asm-commons:9.2=default,deploy_jar,runtimeClasspath,testRuntimeClasspath
org.ow2.asm:asm-tree:8.0.1=jacocoAnt
org.ow2.asm:asm-tree:9.4=default,deploy_jar,runtimeClasspath,testRuntimeClasspath
org.ow2.asm:asm-util:9.4=default,deploy_jar,runtimeClasspath,testRuntimeClasspath
org.ow2.asm:asm:8.0.1=jacocoAnt
org.ow2.asm:asm:9.1=testCompileClasspath
org.ow2.asm:asm:9.4=default,deploy_jar,runtimeClasspath,testRuntimeClasspath
org.pcollections:pcollections:2.1.2=annotationProcessor,errorprone,testAnnotationProcessor
org.plumelib:plume-util:1.0.6=annotationProcessor,errorprone,testAnnotationProcessor
org.plumelib:reflection-util:0.0.2=annotationProcessor,errorprone,testAnnotationProcessor
org.plumelib:require-javadoc:0.1.0=annotationProcessor,errorprone,testAnnotationProcessor
org.postgresql:postgresql:42.5.1=default,deploy_jar,runtimeClasspath,testRuntimeClasspath
org.reflections:reflections:0.9.12=checkstyle
org.rnorth.duct-tape:duct-tape:1.0.8=testCompileClasspath,testRuntimeClasspath
org.slf4j:slf4j-api:1.7.36=testCompileClasspath,testRuntimeClasspath
org.testcontainers:database-commons:1.17.6=testCompileClasspath,testRuntimeClasspath
org.testcontainers:jdbc:1.17.6=testCompileClasspath,testRuntimeClasspath
org.testcontainers:junit-jupiter:1.17.6=testCompileClasspath,testRuntimeClasspath
org.testcontainers:postgresql:1.17.6=testCompileClasspath,testRuntimeClasspath
org.testcontainers:testcontainers:1.17.6=testCompileClasspath,testRuntimeClasspath
empty=archives,errorproneJavac,implementationApi,schema
