# This is a Gradle generated file for dependency locking.
# Manual edits can break the build and are not advised.
# This file is expected to be part of source control.
antlr:antlr:2.7.7=checkstyle
com.github.ben-manes.caffeine:caffeine:2.7.0=annotationProcessor,errorprone,testAnnotationProcessor,testingAnnotationProcessor
com.github.ben-manes.caffeine:caffeine:2.9.3=compileClasspath,default,deploy_jar,runtimeClasspath,testCompileClasspath,testRuntimeClasspath,testing,testingCompileClasspath
com.github.kevinstern:software-and-algorithms:1.0=annotationProcessor,errorprone,testAnnotationProcessor,testingAnnotationProcessor
com.google.auto.value:auto-value-annotations:1.8.1=compileClasspath,default,deploy_jar,runtimeClasspath,testCompileClasspath,testRuntimeClasspath,testing,testingCompileClasspath
com.google.auto:auto-common:0.10=annotationProcessor,errorprone,testAnnotationProcessor,testingAnnotationProcessor
com.google.code.findbugs:jFormatString:3.0.0=annotationProcessor,errorprone,testAnnotationProcessor,testingAnnotationProcessor
com.google.code.findbugs:jsr305:3.0.2=annotationProcessor,checkstyle,compileClasspath,default,deploy_jar,errorprone,runtimeClasspath,testAnnotationProcessor,testCompileClasspath,testRuntimeClasspath,testing,testingAnnotationProcessor,testingCompileClasspath
com.google.errorprone:error_prone_annotation:2.3.4=annotationProcessor,errorprone,testAnnotationProcessor,testingAnnotationProcessor
com.google.errorprone:error_prone_annotations:2.11.0=compileClasspath,default,deploy_jar,runtimeClasspath,testCompileClasspath,testRuntimeClasspath,testing,testingCompileClasspath
com.google.errorprone:error_prone_annotations:2.3.4=annotationProcessor,checkstyle,errorprone,testAnnotationProcessor,testingAnnotationProcessor
com.google.errorprone:error_prone_check_api:2.3.4=annotationProcessor,errorprone,testAnnotationProcessor,testingAnnotationProcessor
com.google.errorprone:error_prone_core:2.3.4=annotationProcessor,errorprone,testAnnotationProcessor,testingAnnotationProcessor
com.google.errorprone:error_prone_type_annotations:2.3.4=annotationProcessor,errorprone,testAnnotationProcessor,testingAnnotationProcessor
com.google.flogger:flogger:0.7.4=compileClasspath,default,deploy_jar,runtimeClasspath,testCompileClasspath,testRuntimeClasspath,testing,testingCompileClasspath
com.google.guava:failureaccess:1.0.1=annotationProcessor,checkstyle,compileClasspath,default,deploy_jar,errorprone,runtimeClasspath,testAnnotationProcessor,testCompileClasspath,testRuntimeClasspath,testing,testingAnnotationProcessor,testingCompileClasspath
com.google.guava:guava:27.0.1-jre=annotationProcessor,errorprone,testAnnotationProcessor,testingAnnotationProcessor
com.google.guava:guava:29.0-jre=checkstyle
com.google.guava:guava:31.1-jre=compileClasspath,default,deploy_jar,runtimeClasspath,testCompileClasspath,testRuntimeClasspath,testing,testingCompileClasspath
com.google.guava:listenablefuture:9999.0-empty-to-avoid-conflict-with-guava=annotationProcessor,checkstyle,compileClasspath,default,deploy_jar,errorprone,runtimeClasspath,testAnnotationProcessor,testCompileClasspath,testRuntimeClasspath,testing,testingAnnotationProcessor,testingCompileClasspath
com.google.j2objc:j2objc-annotations:1.1=annotationProcessor,errorprone,testAnnotationProcessor,testingAnnotationProcessor
com.google.j2objc:j2objc-annotations:1.3=checkstyle,compileClasspath,default,deploy_jar,runtimeClasspath,testCompileClasspath,testRuntimeClasspath,testing,testingCompileClasspath
com.google.protobuf:protobuf-java:3.4.0=annotationProcessor,errorprone,testAnnotationProcessor,testingAnnotationProcessor
com.google.truth:truth:1.1.3=compileClasspath,default,deploy_jar,runtimeClasspath,testCompileClasspath,testRuntimeClasspath,testing,testingCompileClasspath
com.googlecode.java-diff-utils:diffutils:1.3.0=annotationProcessor,errorprone,testAnnotationProcessor,testingAnnotationProcessor
com.puppycrawl.tools:checkstyle:8.37=checkstyle
commons-beanutils:commons-beanutils:1.9.4=checkstyle
commons-collections:commons-collections:3.2.2=checkstyle
info.picocli:picocli:4.5.2=checkstyle
io.github.java-diff-utils:java-diff-utils:4.12=compileClasspath,default,deploy_jar,runtimeClasspath,testCompileClasspath,testRuntimeClasspath,testing,testingCompileClasspath
javax.inject:javax.inject:1=compileClasspath,default,deploy_jar,runtimeClasspath,testCompileClasspath,testRuntimeClasspath,testing,testingCompileClasspath
joda-time:joda-time:2.12.2=compileClasspath,default,deploy_jar,runtimeClasspath,testCompileClasspath,testRuntimeClasspath,testing,testingCompileClasspath
junit:junit:4.13.2=default,testCompileClasspath,testRuntimeClasspath,testing,testingCompileClasspath
net.sf.saxon:Saxon-HE:10.3=checkstyle
org.antlr:antlr4-runtime:4.8-1=checkstyle
org.apiguardian:apiguardian-api:1.1.2=testCompileClasspath
org.checkerframework:checker-compat-qual:2.5.3=compileClasspath,default,deploy_jar,runtimeClasspath,testCompileClasspath,testRuntimeClasspath,testing,testingCompileClasspath
org.checkerframework:checker-qual:2.11.1=checkstyle
org.checkerframework:checker-qual:3.0.0=annotationProcessor,errorprone,testAnnotationProcessor,testingAnnotationProcessor
org.checkerframework:checker-qual:3.19.0=compileClasspath,default,deploy_jar,runtimeClasspath,testCompileClasspath,testRuntimeClasspath,testing,testingCompileClasspath
org.checkerframework:dataflow:3.0.0=annotationProcessor,errorprone,testAnnotationProcessor,testingAnnotationProcessor
org.checkerframework:javacutil:3.0.0=annotationProcessor,errorprone,testAnnotationProcessor,testingAnnotationProcessor
org.codehaus.mojo:animal-sniffer-annotations:1.17=annotationProcessor,errorprone,testAnnotationProcessor,testingAnnotationProcessor
org.hamcrest:hamcrest-core:1.3=default,testCompileClasspath,testRuntimeClasspath,testing,testingCompileClasspath
org.jacoco:org.jacoco.agent:0.8.6=jacocoAgent,jacocoAnt
org.jacoco:org.jacoco.ant:0.8.6=jacocoAnt
org.jacoco:org.jacoco.core:0.8.6=jacocoAnt
org.jacoco:org.jacoco.report:0.8.6=jacocoAnt
org.javassist:javassist:3.26.0-GA=checkstyle
org.junit.jupiter:junit-jupiter-api:5.9.1=testCompileClasspath,testRuntimeClasspath
org.junit.jupiter:junit-jupiter-engine:5.9.1=testCompileClasspath,testRuntimeClasspath
org.junit.platform:junit-platform-commons:1.9.1=testCompileClasspath,testRuntimeClasspath
org.junit.platform:junit-platform-engine:1.9.1=testCompileClasspath,testRuntimeClasspath
org.junit:junit-bom:5.9.1=testCompileClasspath,testRuntimeClasspath
org.opentest4j:opentest4j:1.2.0=testCompileClasspath,testRuntimeClasspath
org.ow2.asm:asm-analysis:8.0.1=jacocoAnt
org.ow2.asm:asm-commons:8.0.1=jacocoAnt
org.ow2.asm:asm-tree:8.0.1=jacocoAnt
org.ow2.asm:asm:8.0.1=jacocoAnt
org.ow2.asm:asm:9.1=compileClasspath,default,deploy_jar,runtimeClasspath,testCompileClasspath,testRuntimeClasspath,testing,testingCompileClasspath
org.pcollections:pcollections:2.1.2=annotationProcessor,errorprone,testAnnotationProcessor,testingAnnotationProcessor
org.plumelib:plume-util:1.0.6=annotationProcessor,errorprone,testAnnotationProcessor,testingAnnotationProcessor
org.plumelib:reflection-util:0.0.2=annotationProcessor,errorprone,testAnnotationProcessor,testingAnnotationProcessor
org.plumelib:require-javadoc:0.1.0=annotationProcessor,errorprone,testAnnotationProcessor,testingAnnotationProcessor
org.reflections:reflections:0.9.12=checkstyle
empty=archives,errorproneJavac,testingCompile,testingRuntime,testingRuntimeClasspath
