# This is a Gradle generated file for dependency locking.
# Manual edits can break the build and are not advised.
# This file is expected to be part of source control.
aopalliance:aopalliance:1.0=buildScriptClasspath,compileClasspath
args4j:args4j:2.0.23=buildScriptClasspath,compileClasspath
com.fasterxml.jackson.core:jackson-core:2.15.2=buildScriptClasspath,compileClasspath
com.fasterxml.jackson:jackson-bom:2.15.2=buildScriptClasspath,compileClasspath
com.github.ben-manes.caffeine:caffeine:2.7.0=annotationProcessor
com.github.kevinstern:software-and-algorithms:1.0=annotationProcessor
com.google.android:annotations:4.1.1.4=buildScriptClasspath
com.google.api-client:google-api-client:2.2.0=buildScriptClasspath,compileClasspath
com.google.api.grpc:gapic-google-cloud-storage-v2:2.25.0-alpha=buildScriptClasspath,compileClasspath
com.google.api.grpc:grpc-google-cloud-storage-v2:2.25.0-alpha=buildScriptClasspath,compileClasspath
com.google.api.grpc:proto-google-cloud-storage-v2:2.25.0-alpha=buildScriptClasspath,compileClasspath
com.google.api.grpc:proto-google-common-protos:2.22.1=buildScriptClasspath,compileClasspath
com.google.api.grpc:proto-google-iam-v1:1.17.1=buildScriptClasspath,compileClasspath
com.google.api:api-common:2.14.1=buildScriptClasspath,compileClasspath
com.google.api:gax-grpc:2.31.1=buildScriptClasspath,compileClasspath
com.google.api:gax-httpjson:2.31.1=buildScriptClasspath,compileClasspath
com.google.api:gax:2.31.1=buildScriptClasspath,compileClasspath
com.google.apis:google-api-services-storage:v1-rev20230617-2.0.0=buildScriptClasspath,compileClasspath
com.google.auth:google-auth-library-credentials:1.19.0=buildScriptClasspath,compileClasspath
com.google.auth:google-auth-library-oauth2-http:1.19.0=buildScriptClasspath,compileClasspath
com.google.auto.value:auto-value-annotations:1.10.2=buildScriptClasspath,compileClasspath
com.google.auto.value:auto-value:1.10.2=annotationProcessor
com.google.auto:auto-common:0.10=annotationProcessor
com.google.cloud:google-cloud-core-grpc:2.21.1=buildScriptClasspath,compileClasspath
com.google.cloud:google-cloud-core-http:2.21.1=buildScriptClasspath,compileClasspath
com.google.cloud:google-cloud-core:2.21.1=buildScriptClasspath,compileClasspath
com.google.cloud:google-cloud-storage:2.25.0=buildScriptClasspath,compileClasspath
com.google.code.findbugs:jFormatString:3.0.0=annotationProcessor
com.google.code.findbugs:jsr305:3.0.2=annotationProcessor,buildScriptClasspath,compileClasspath
com.google.code.gson:gson:2.10.1=buildScriptClasspath,compileClasspath
com.google.common.html.types:types:1.0.6=buildScriptClasspath,compileClasspath
com.google.errorprone:error_prone_annotation:2.3.4=annotationProcessor
com.google.errorprone:error_prone_annotations:2.18.0=buildScriptClasspath,compileClasspath
com.google.errorprone:error_prone_annotations:2.3.4=annotationProcessor
com.google.errorprone:error_prone_check_api:2.3.4=annotationProcessor
com.google.errorprone:error_prone_core:2.3.4=annotationProcessor
com.google.errorprone:error_prone_type_annotations:2.3.4=annotationProcessor
com.google.escapevelocity:escapevelocity:0.9.1=buildScriptClasspath,compileClasspath
com.google.guava:failureaccess:1.0.1=annotationProcessor,buildScriptClasspath,compileClasspath
com.google.guava:guava-parent:32.1.1-jre=buildScriptClasspath,compileClasspath
com.google.guava:guava:27.0.1-jre=annotationProcessor
com.google.guava:guava:32.1.1-jre=buildScriptClasspath,compileClasspath
com.google.guava:listenablefuture:9999.0-empty-to-avoid-conflict-with-guava=annotationProcessor
com.google.http-client:google-http-client-apache-v2:1.43.3=buildScriptClasspath,compileClasspath
com.google.http-client:google-http-client-appengine:1.43.3=buildScriptClasspath,compileClasspath
com.google.http-client:google-http-client-gson:1.43.3=buildScriptClasspath,compileClasspath
com.google.http-client:google-http-client-jackson2:1.43.3=buildScriptClasspath,compileClasspath
com.google.http-client:google-http-client:1.43.3=buildScriptClasspath,compileClasspath
com.google.inject.extensions:guice-multibindings:4.1.0=buildScriptClasspath,compileClasspath
com.google.inject:guice:4.1.0=buildScriptClasspath,compileClasspath
com.google.j2objc:j2objc-annotations:1.1=annotationProcessor
com.google.j2objc:j2objc-annotations:2.8=buildScriptClasspath,compileClasspath
com.google.jsinterop:jsinterop-annotations:1.0.1=buildScriptClasspath,compileClasspath
com.google.oauth-client:google-oauth-client:1.34.1=buildScriptClasspath,compileClasspath
com.google.protobuf:protobuf-java-util:3.23.2=buildScriptClasspath,compileClasspath
com.google.protobuf:protobuf-java:3.23.2=buildScriptClasspath,compileClasspath
com.google.protobuf:protobuf-java:3.4.0=annotationProcessor
com.google.re2j:re2j:1.7=buildScriptClasspath
com.google.template:soy:2021-02-01=buildScriptClasspath,compileClasspath
com.googlecode.java-diff-utils:diffutils:1.3.0=annotationProcessor
com.ibm.icu:icu4j:57.1=buildScriptClasspath,compileClasspath
commons-codec:commons-codec:1.15=buildScriptClasspath,compileClasspath
commons-logging:commons-logging:1.2=buildScriptClasspath,compileClasspath
io.grpc:grpc-alts:1.56.1=buildScriptClasspath,compileClasspath
io.grpc:grpc-api:1.56.1=buildScriptClasspath,compileClasspath
io.grpc:grpc-auth:1.56.1=buildScriptClasspath,compileClasspath
io.grpc:grpc-context:1.56.1=buildScriptClasspath,compileClasspath
io.grpc:grpc-core:1.56.1=buildScriptClasspath
io.grpc:grpc-googleapis:1.56.1=buildScriptClasspath
io.grpc:grpc-grpclb:1.56.1=buildScriptClasspath,compileClasspath
io.grpc:grpc-netty-shaded:1.56.1=buildScriptClasspath
io.grpc:grpc-protobuf-lite:1.56.1=buildScriptClasspath,compileClasspath
io.grpc:grpc-protobuf:1.56.1=buildScriptClasspath,compileClasspath
io.grpc:grpc-rls:1.56.1=buildScriptClasspath
io.grpc:grpc-services:1.56.1=buildScriptClasspath
io.grpc:grpc-stub:1.56.1=buildScriptClasspath,compileClasspath
io.grpc:grpc-xds:1.56.1=buildScriptClasspath
io.opencensus:opencensus-api:0.31.1=buildScriptClasspath,compileClasspath
io.opencensus:opencensus-contrib-http-util:0.31.1=buildScriptClasspath,compileClasspath
io.opencensus:opencensus-proto:0.2.0=buildScriptClasspath
io.perfmark:perfmark-api:0.26.0=buildScriptClasspath
javax.annotation:javax.annotation-api:1.3.2=buildScriptClasspath,compileClasspath
javax.annotation:jsr250-api:1.0=buildScriptClasspath,compileClasspath
javax.inject:javax.inject:1=buildScriptClasspath,compileClasspath
org.apache.commons:commons-lang3:3.12.0=buildScriptClasspath,compileClasspath
org.apache.commons:commons-text:1.10.0=buildScriptClasspath,compileClasspath
org.apache.httpcomponents:httpclient:4.5.14=buildScriptClasspath,compileClasspath
org.apache.httpcomponents:httpcore:4.4.16=buildScriptClasspath,compileClasspath
org.checkerframework:checker-qual:3.0.0=annotationProcessor
org.checkerframework:checker-qual:3.33.0=buildScriptClasspath,compileClasspath
org.checkerframework:dataflow:3.0.0=annotationProcessor
org.checkerframework:javacutil:3.0.0=annotationProcessor
org.codehaus.mojo:animal-sniffer-annotations:1.17=annotationProcessor
org.codehaus.mojo:animal-sniffer-annotations:1.23=buildScriptClasspath
org.conscrypt:conscrypt-openjdk-uber:2.5.2=buildScriptClasspath,compileClasspath
org.json:json:20160212=buildScriptClasspath,compileClasspath
org.ow2.asm:asm-analysis:7.0=buildScriptClasspath,compileClasspath
org.ow2.asm:asm-commons:7.0=buildScriptClasspath,compileClasspath
org.ow2.asm:asm-tree:7.0=buildScriptClasspath,compileClasspath
org.ow2.asm:asm-util:7.0=buildScriptClasspath,compileClasspath
org.ow2.asm:asm:7.0=buildScriptClasspath,compileClasspath
org.pcollections:pcollections:2.1.2=annotationProcessor
org.plumelib:plume-util:1.0.6=annotationProcessor
org.plumelib:reflection-util:0.0.2=annotationProcessor
org.plumelib:require-javadoc:0.1.0=annotationProcessor
org.threeten:threetenbp:1.6.8=buildScriptClasspath,compileClasspath
empty=
